
Microsoft Visual Studio Solution File, Format Version 12.00
# Visual Studio 15
VisualStudioVersion = 15.0.27130.2036
MinimumVisualStudioVersion = 10.0.40219.1
Project("{FAE04EC0-301F-11D3-BF4B-00C04F79EFBC}") = "CrewConfigTool", "CrewConfigTool.csproj", "{0C3A80F2-9E27-4F1E-8268-8F431C96882D}"
EndProject
Project("{FAE04EC0-301F-11D3-BF4B-00C04F79EFBC}") = "UnitTests", "UnitTests\UnitTests.csproj", "{EEF58CD9-6DD4-4323-8622-0C3399C8A07B}"
EndProject
Global
	GlobalSection(SolutionConfigurationPlatforms) = preSolution
		Debug|Any CPU = Debug|Any CPU
		Release|Any CPU = Release|Any CPU
	EndGlobalSection
	GlobalSection(ProjectConfigurationPlatforms) = postSolution
		{0C3A80F2-9E27-4F1E-8268-8F431C96882D}.Debug|Any CPU.ActiveCfg = Debug|Any CPU
		{0C3A80F2-9E27-4F1E-8268-8F431C96882D}.Debug|Any CPU.Build.0 = Debug|Any CPU
		{0C3A80F2-9E27-4F1E-8268-8F431C96882D}.Release|Any CPU.ActiveCfg = Release|Any CPU
		{0C3A80F2-9E27-4F1E-8268-8F431C96882D}.Release|Any CPU.Build.0 = Release|Any CPU
		{EEF58CD9-6DD4-4323-8622-0C3399C8A07B}.Debug|Any CPU.ActiveCfg = Debug|Any CPU
		{EEF58CD9-6DD4-4323-8622-0C3399C8A07B}.Debug|Any CPU.Build.0 = Debug|Any CPU
		{EEF58CD9-6DD4-4323-8622-0C3399C8A07B}.Release|Any CPU.ActiveCfg = Release|Any CPU
		{EEF58CD9-6DD4-4323-8622-0C3399C8A07B}.Release|Any CPU.Build.0 = Release|Any CPU
	EndGlobalSection
	GlobalSection(SolutionProperties) = preSolution
		HideSolutionNode = FALSE
	EndGlobalSection
	GlobalSection(ExtensibilityGlobals) = postSolution
		SolutionGuid = {EE9455C6-E016-4604-95A1-F0CF3BB75316}
	EndGlobalSection
EndGlobal
